
Microsoft Visual Studio Solution File, Format Version 12.00
# Visual Studio Version 16
VisualStudioVersion = 16.0.29709.97
MinimumVisualStudioVersion = 10.0.40219.1
Project("{FAE04EC0-301F-11D3-BF4B-00C04F79EFBC}") = "AlaskaLandings", "AlaskaLandings\AlaskaLandings.csproj", "{0B64178C-9549-438A-B3A0-A34D7D5972B5}"
EndProject
Global
	GlobalSection(SolutionConfigurationPlatforms) = preSolution
		Debug|Any CPU = Debug|Any CPU
		Release|Any CPU = Release|Any CPU
	EndGlobalSection
	GlobalSection(ProjectConfigurationPlatforms) = postSolution
		{0B64178C-9549-438A-B3A0-A34D7D5972B5}.Debug|Any CPU.ActiveCfg = Debug|Any CPU
		{0B64178C-9549-438A-B3A0-A34D7D5972B5}.Debug|Any CPU.Build.0 = Debug|Any CPU
		{0B64178C-9549-438A-B3A0-A34D7D5972B5}.Release|Any CPU.ActiveCfg = Release|Any CPU
		{0B64178C-9549-438A-B3A0-A34D7D5972B5}.Release|Any CPU.Build.0 = Release|Any CPU
	EndGlobalSection
	GlobalSection(SolutionProperties) = preSolution
		HideSolutionNode = FALSE
	EndGlobalSection
	GlobalSection(ExtensibilityGlobals) = postSolution
		SolutionGuid = {BCB398B8-6DFA-4E0E-931B-754B537A43DE}
	EndGlobalSection
EndGlobal
